
Microsoft Visual Studio Solution File, Format Version 12.00
# Visual Studio 15
VisualStudioVersion = 15.0.28010.2026
MinimumVisualStudioVersion = 10.0.40219.1
Project("{8BC9CEB8-8B4A-11D0-8D11-00A0C91BC942}") = "Trains", "Trains\Trains.vcxproj", "{765FB0E0-3A83-4753-BB62-CDB6BCAFA23C}"
EndProject
Global
	GlobalSection(SolutionConfigurationPlatforms) = preSolution
		Debug|x64 = Debug|x64
		Debug|x86 = Debug|x86
		Release|x64 = Release|x64
		Release|x86 = Release|x86
	EndGlobalSection
	GlobalSection(ProjectConfigurationPlatforms) = postSolution
		{765FB0E0-3A83-4753-BB62-CDB6BCAFA23C}.Debug|x64.ActiveCfg = Debug|x64
		{765FB0E0-3A83-4753-BB62-CDB6BCAFA23C}.Debug|x64.Build.0 = Debug|x64
		{765FB0E0-3A83-4753-BB62-CDB6BCAFA23C}.Debug|x86.ActiveCfg = Debug|Win32
		{765FB0E0-3A83-4753-BB62-CDB6BCAFA23C}.Debug|x86.Build.0 = Debug|Win32
		{765FB0E0-3A83-4753-BB62-CDB6BCAFA23C}.Release|x64.ActiveCfg = Release|x64
		{765FB0E0-3A83-4753-BB62-CDB6BCAFA23C}.Release|x64.Build.0 = Release|x64
		{765FB0E0-3A83-4753-BB62-CDB6BCAFA23C}.Release|x86.ActiveCfg = Release|Win32
		{765FB0E0-3A83-4753-BB62-CDB6BCAFA23C}.Release|x86.Build.0 = Release|Win32
	EndGlobalSection
	GlobalSection(SolutionProperties) = preSolution
		HideSolutionNode = FALSE
	EndGlobalSection
	GlobalSection(ExtensibilityGlobals) = postSolution
		SolutionGuid = {62E0F4F9-0BAC-4539-9CEB-986664350124}
	EndGlobalSection
EndGlobal
